{
  "name": "noteBook",
  "version": "1.0.0",
  "lockfileVersion": 1,
  "requires": true,
  "dependencies": {
    "gitbook-plugin-expandable-chapters-small": {
      "version": "git+https://gitee.com/mirrors_cocos-creator/gitbook-plugin-expandable-chapters-small.git#17124e9eb935ab776ddc5e22e05b13de79ecbda5",
      "from": "git+https://gitee.com/mirrors_cocos-creator/gitbook-plugin-expandable-chapters-small.git"
    },
    "gitbook-plugin-splitter": {
      "version": "0.0.8",
      "resolved": "https://registry.npmmirror.com/gitbook-plugin-splitter/-/gitbook-plugin-splitter-0.0.8.tgz",
      "integrity": "sha512-EGyaiGNPAOhkc5TDqYCMNa17eFTZJX6aD6M7imJ5JbHtIkKmx3mZhoAnI2ovZrxx3x1tq/lmhq94nkayCl8WdQ=="
    }
  }
}
