{
  "name": "noteBook",
  "version": "1.0.0",
  "lockfileVersion": 1,
  "requires": true,
  "dependencies": {
    "gitbook-plugin-expandable-chapters-small": {
      "version": "git+https://gitee.com/mirrors_cocos-creator/gitbook-plugin-expandable-chapters-small.git#17124e9eb935ab776ddc5e22e05b13de79ecbda5",
      "from": "git+https://gitee.com/mirrors_cocos-creator/gitbook-plugin-expandable-chapters-small.git"
    }
  }
}
